
Microsoft Visual Studio Solution File, Format Version 12.00
# Visual Studio Version 16
VisualStudioVersion = 16.0.30907.101
MinimumVisualStudioVersion = 10.0.40219.1
Project("{FAE04EC0-301F-11D3-BF4B-00C04F79EFBC}") = "Floyd Algorithm", "Floyd Algorithm\Floyd Algorithm.csproj", "{B015B2FD-F357-4708-B503-250E19F2F644}"
EndProject
Global
	GlobalSection(SolutionConfigurationPlatforms) = preSolution
		Debug|Any CPU = Debug|Any CPU
		Release|Any CPU = Release|Any CPU
	EndGlobalSection
	GlobalSection(ProjectConfigurationPlatforms) = postSolution
		{B015B2FD-F357-4708-B503-250E19F2F644}.Debug|Any CPU.ActiveCfg = Debug|Any CPU
		{B015B2FD-F357-4708-B503-250E19F2F644}.Debug|Any CPU.Build.0 = Debug|Any CPU
		{B015B2FD-F357-4708-B503-250E19F2F644}.Release|Any CPU.ActiveCfg = Release|Any CPU
		{B015B2FD-F357-4708-B503-250E19F2F644}.Release|Any CPU.Build.0 = Release|Any CPU
	EndGlobalSection
	GlobalSection(SolutionProperties) = preSolution
		HideSolutionNode = FALSE
	EndGlobalSection
	GlobalSection(ExtensibilityGlobals) = postSolution
		SolutionGuid = {B07ED3E3-0C86-4210-98CA-4828F3EB3B5B}
	EndGlobalSection
EndGlobal
